
Microsoft Visual Studio Solution File, Format Version 12.00
# Visual Studio Version 17
VisualStudioVersion = 17.0.31903.59
MinimumVisualStudioVersion = 10.0.40219.1
Project("{FAE04EC0-301F-11D3-BF4B-00C04F79EFBC}") = "DolaCoordinator", "DolaCoordinator\DolaCoordinator.csproj", "{8B25CE79-C210-432E-89ED-6FE486F42832}"
EndProject
Global
	GlobalSection(SolutionConfigurationPlatforms) = preSolution
		Debug|Any CPU = Debug|Any CPU
		Release|Any CPU = Release|Any CPU
	EndGlobalSection
	GlobalSection(SolutionProperties) = preSolution
		HideSolutionNode = FALSE
	EndGlobalSection
	GlobalSection(ProjectConfigurationPlatforms) = postSolution
		{8B25CE79-C210-432E-89ED-6FE486F42832}.Debug|Any CPU.ActiveCfg = Debug|Any CPU
		{8B25CE79-C210-432E-89ED-6FE486F42832}.Debug|Any CPU.Build.0 = Debug|Any CPU
		{8B25CE79-C210-432E-89ED-6FE486F42832}.Release|Any CPU.ActiveCfg = Release|Any CPU
		{8B25CE79-C210-432E-89ED-6FE486F42832}.Release|Any CPU.Build.0 = Release|Any CPU
	EndGlobalSection
EndGlobal
